// !$*UTF8*$!
{
	archiveVersion = 1;
	classes = {
	};
	objectVersion = 55;
	objects = {

/* Begin PBXBuildFile section */
		7AC6CEFE2717C5B700B4000B /* Tests_iOS.swift in Sources */ = {isa = PBXBuildFile; fileRef = 7AC6CEFD2717C5B700B4000B /* Tests_iOS.swift */; };
		7AC6CF002717C5B700B4000B /* Tests_iOSLaunchTests.swift in Sources */ = {isa = PBXBuildFile; fileRef = 7AC6CEFF2717C5B700B4000B /* Tests_iOSLaunchTests.swift */; };
		7AC6CF0A2717C5B700B4000B /* Tests_macOS.swift in Sources */ = {isa = PBXBuildFile; fileRef = 7AC6CF092717C5B700B4000B /* Tests_macOS.swift */; };
		7AC6CF0C2717C5B700B4000B /* Tests_macOSLaunchTests.swift in Sources */ = {isa = PBXBuildFile; fileRef = 7AC6CF0B2717C5B700B4000B /* Tests_macOSLaunchTests.swift */; };
		7AC6CF0D2717C5B800B4000B /* _SApp.swift in Sources */ = {isa = PBXBuildFile; fileRef = 7AC6CEE52717C5B600B4000B /* _SApp.swift */; };
		7AC6CF0E2717C5B800B4000B /* _SApp.swift in Sources */ = {isa = PBXBuildFile; fileRef = 7AC6CEE52717C5B600B4000B /* _SApp.swift */; };
		7AC6CF0F2717C5B800B4000B /* ContentView.swift in Sources */ = {isa = PBXBuildFile; fileRef = 7AC6CEE62717C5B600B4000B /* ContentView.swift */; };
		7AC6CF102717C5B800B4000B /* ContentView.swift in Sources */ = {isa = PBXBuildFile; fileRef = 7AC6CEE62717C5B600B4000B /* ContentView.swift */; };
		7AC6CF112717C5B800B4000B /* Assets.xcassets in Resources */ = {isa = PBXBuildFile; fileRef = 7AC6CEE72717C5B700B4000B /* Assets.xcassets */; };
		7AC6CF122717C5B800B4000B /* Assets.xcassets in Resources */ = {isa = PBXBuildFile; fileRef = 7AC6CEE72717C5B700B4000B /* Assets.xcassets */; };
		7AC6CF5D2717D93300B4000B /* Assets.xcassets in Resources */ = {isa = PBXBuildFile; fileRef = 7AC6CF5C2717D93300B4000B /* Assets.xcassets */; };
		7AC6CF602717D93300B4000B /* Preview Assets.xcassets in Resources */ = {isa = PBXBuildFile; fileRef = 7AC6CF5F2717D93300B4000B /* Preview Assets.xcassets */; };
		7AC6CF6A2717D93300B4000B /* _STests.swift in Sources */ = {isa = PBXBuildFile; fileRef = 7AC6CF692717D93300B4000B /* _STests.swift */; };
		7AC6CF802717D9A400B4000B /* ContentView.swift in Sources */ = {isa = PBXBuildFile; fileRef = 7AC6CEE62717C5B600B4000B /* ContentView.swift */; };
		7AC6CF812717D9BA00B4000B /* _SApp.swift in Sources */ = {isa = PBXBuildFile; fileRef = 7AC6CEE52717C5B600B4000B /* _SApp.swift */; };
/* End PBXBuildFile section */

/* Begin PBXContainerItemProxy section */
		7AC6CEFA2717C5B700B4000B /* PBXContainerItemProxy */ = {
			isa = PBXContainerItemProxy;
			containerPortal = 7AC6CEE02717C5B500B4000B /* Project object */;
			proxyType = 1;
			remoteGlobalIDString = 7AC6CEEB2717C5B700B4000B;
			remoteInfo = "6S (iOS)";
		};
		7AC6CF062717C5B700B4000B /* PBXContainerItemProxy */ = {
			isa = PBXContainerItemProxy;
			containerPortal = 7AC6CEE02717C5B500B4000B /* Project object */;
			proxyType = 1;
			remoteGlobalIDString = 7AC6CEF12717C5B700B4000B;
			remoteInfo = "6S (macOS)";
		};
		7AC6CF662717D93300B4000B /* PBXContainerItemProxy */ = {
			isa = PBXContainerItemProxy;
			containerPortal = 7AC6CEE02717C5B500B4000B /* Project object */;
			proxyType = 1;
			remoteGlobalIDString = 7AC6CF552717D93200B4000B;
			remoteInfo = 6S;
		};
/* End PBXContainerItemProxy section */

/* Begin PBXFileReference section */
		7AC6CEE52717C5B600B4000B /* _SApp.swift */ = {isa = PBXFileReference; lastKnownFileType = sourcecode.swift; path = _SApp.swift; sourceTree = "<group>"; };
		7AC6CEE62717C5B600B4000B /* ContentView.swift */ = {isa = PBXFileReference; lastKnownFileType = sourcecode.swift; path = ContentView.swift; sourceTree = "<group>"; };
		7AC6CEE72717C5B700B4000B /* Assets.xcassets */ = {isa = PBXFileReference; lastKnownFileType = folder.assetcatalog; path = Assets.xcassets; sourceTree = "<group>"; };
		7AC6CEEC2717C5B700B4000B /* 6S.app */ = {isa = PBXFileReference; explicitFileType = wrapper.application; includeInIndex = 0; path = 6S.app; sourceTree = BUILT_PRODUCTS_DIR; };
		7AC6CEF22717C5B700B4000B /* 6S.app */ = {isa = PBXFileReference; explicitFileType = wrapper.application; includeInIndex = 0; path = 6S.app; sourceTree = BUILT_PRODUCTS_DIR; };
		7AC6CEF42717C5B700B4000B /* macOS.entitlements */ = {isa = PBXFileReference; lastKnownFileType = text.plist.entitlements; path = macOS.entitlements; sourceTree = "<group>"; };
		7AC6CEF92717C5B700B4000B /* Tests iOS.xctest */ = {isa = PBXFileReference; explicitFileType = wrapper.cfbundle; includeInIndex = 0; path = "Tests iOS.xctest"; sourceTree = BUILT_PRODUCTS_DIR; };
		7AC6CEFD2717C5B700B4000B /* Tests_iOS.swift */ = {isa = PBXFileReference; lastKnownFileType = sourcecode.swift; path = Tests_iOS.swift; sourceTree = "<group>"; };
		7AC6CEFF2717C5B700B4000B /* Tests_iOSLaunchTests.swift */ = {isa = PBXFileReference; lastKnownFileType = sourcecode.swift; path = Tests_iOSLaunchTests.swift; sourceTree = "<group>"; };
		7AC6CF052717C5B700B4000B /* Tests macOS.xctest */ = {isa = PBXFileReference; explicitFileType = wrapper.cfbundle; includeInIndex = 0; path = "Tests macOS.xctest"; sourceTree = BUILT_PRODUCTS_DIR; };
		7AC6CF092717C5B700B4000B /* Tests_macOS.swift */ = {isa = PBXFileReference; lastKnownFileType = sourcecode.swift; path = Tests_macOS.swift; sourceTree = "<group>"; };
		7AC6CF0B2717C5B700B4000B /* Tests_macOSLaunchTests.swift */ = {isa = PBXFileReference; lastKnownFileType = sourcecode.swift; path = Tests_macOSLaunchTests.swift; sourceTree = "<group>"; };
		7AC6CF562717D93200B4000B /* 6S (tvOS).app */ = {isa = PBXFileReference; explicitFileType = wrapper.application; includeInIndex = 0; path = "6S (tvOS).app"; sourceTree = BUILT_PRODUCTS_DIR; };
		7AC6CF5C2717D93300B4000B /* Assets.xcassets */ = {isa = PBXFileReference; lastKnownFileType = folder.assetcatalog; path = Assets.xcassets; sourceTree = "<group>"; };
		7AC6CF5F2717D93300B4000B /* Preview Assets.xcassets */ = {isa = PBXFileReference; lastKnownFileType = folder.assetcatalog; path = "Preview Assets.xcassets"; sourceTree = "<group>"; };
		7AC6CF652717D93300B4000B /* 6STests tvOS.xctest */ = {isa = PBXFileReference; explicitFileType = wrapper.cfbundle; includeInIndex = 0; path = "6STests tvOS.xctest"; sourceTree = BUILT_PRODUCTS_DIR; };
		7AC6CF692717D93300B4000B /* _STests.swift */ = {isa = PBXFileReference; lastKnownFileType = sourcecode.swift; path = _STests.swift; sourceTree = "<group>"; };
/* End PBXFileReference section */

/* Begin PBXFrameworksBuildPhase section */
		7AC6CEE92717C5B700B4000B /* Frameworks */ = {
			isa = PBXFrameworksBuildPhase;
			buildActionMask = 2147483647;
			files = (
			);
			runOnlyForDeploymentPostprocessing = 0;
		};
		7AC6CEEF2717C5B700B4000B /* Frameworks */ = {
			isa = PBXFrameworksBuildPhase;
			buildActionMask = 2147483647;
			files = (
			);
			runOnlyForDeploymentPostprocessing = 0;
		};
		7AC6CEF62717C5B700B4000B /* Frameworks */ = {
			isa = PBXFrameworksBuildPhase;
			buildActionMask = 2147483647;
			files = (
			);
			runOnlyForDeploymentPostprocessing = 0;
		};
		7AC6CF022717C5B700B4000B /* Frameworks */ = {
			isa = PBXFrameworksBuildPhase;
			buildActionMask = 2147483647;
			files = (
			);
			runOnlyForDeploymentPostprocessing = 0;
		};
		7AC6CF532717D93200B4000B /* Frameworks */ = {
			isa = PBXFrameworksBuildPhase;
			buildActionMask = 2147483647;
			files = (
			);
			runOnlyForDeploymentPostprocessing = 0;
		};
		7AC6CF622717D93300B4000B /* Frameworks */ = {
			isa = PBXFrameworksBuildPhase;
			buildActionMask = 2147483647;
			files = (
			);
			runOnlyForDeploymentPostprocessing = 0;
		};
/* End PBXFrameworksBuildPhase section */

/* Begin PBXGroup section */
		7AC6CEDF2717C5B500B4000B = {
			isa = PBXGroup;
			children = (
				7AC6CEE42717C5B600B4000B /* Shared */,
				7AC6CEF32717C5B700B4000B /* macOS */,
				7AC6CEFC2717C5B700B4000B /* Tests iOS */,
				7AC6CF082717C5B700B4000B /* Tests macOS */,
				7AC6CF572717D93200B4000B /* tvOS */,
				7AC6CF682717D93300B4000B /* 6STests */,
				7AC6CEED2717C5B700B4000B /* Products */,
			);
			sourceTree = "<group>";
		};
		7AC6CEE42717C5B600B4000B /* Shared */ = {
			isa = PBXGroup;
			children = (
				7AC6CEE52717C5B600B4000B /* _SApp.swift */,
				7AC6CEE62717C5B600B4000B /* ContentView.swift */,
				7AC6CEE72717C5B700B4000B /* Assets.xcassets */,
			);
			path = Shared;
			sourceTree = "<group>";
		};
		7AC6CEED2717C5B700B4000B /* Products */ = {
			isa = PBXGroup;
			children = (
				7AC6CEEC2717C5B700B4000B /* 6S.app */,
				7AC6CEF22717C5B700B4000B /* 6S.app */,
				7AC6CEF92717C5B700B4000B /* Tests iOS.xctest */,
				7AC6CF052717C5B700B4000B /* Tests macOS.xctest */,
				7AC6CF562717D93200B4000B /* 6S (tvOS).app */,
				7AC6CF652717D93300B4000B /* 6STests tvOS.xctest */,
			);
			name = Products;
			sourceTree = "<group>";
		};
		7AC6CEF32717C5B700B4000B /* macOS */ = {
			isa = PBXGroup;
			children = (
				7AC6CEF42717C5B700B4000B /* macOS.entitlements */,
			);
			path = macOS;
			sourceTree = "<group>";
		};
		7AC6CEFC2717C5B700B4000B /* Tests iOS */ = {
			isa = PBXGroup;
			children = (
				7AC6CEFD2717C5B700B4000B /* Tests_iOS.swift */,
				7AC6CEFF2717C5B700B4000B /* Tests_iOSLaunchTests.swift */,
			);
			path = "Tests iOS";
			sourceTree = "<group>";
		};
		7AC6CF082717C5B700B4000B /* Tests macOS */ = {
			isa = PBXGroup;
			children = (
				7AC6CF092717C5B700B4000B /* Tests_macOS.swift */,
				7AC6CF0B2717C5B700B4000B /* Tests_macOSLaunchTests.swift */,
			);
			path = "Tests macOS";
			sourceTree = "<group>";
		};
		7AC6CF572717D93200B4000B /* tvOS */ = {
			isa = PBXGroup;
			children = (
				7AC6CF5C2717D93300B4000B /* Assets.xcassets */,
				7AC6CF5E2717D93300B4000B /* Preview Content */,
			);
			path = tvOS;
			sourceTree = "<group>";
		};
		7AC6CF5E2717D93300B4000B /* Preview Content */ = {
			isa = PBXGroup;
			children = (
				7AC6CF5F2717D93300B4000B /* Preview Assets.xcassets */,
			);
			path = "Preview Content";
			sourceTree = "<group>";
		};
		7AC6CF682717D93300B4000B /* 6STests */ = {
			isa = PBXGroup;
			children = (
				7AC6CF692717D93300B4000B /* _STests.swift */,
			);
			path = 6STests;
			sourceTree = "<group>";
		};
/* End PBXGroup section */

/* Begin PBXNativeTarget section */
		7AC6CEEB2717C5B700B4000B /* 6S (iOS) */ = {
			isa = PBXNativeTarget;
			buildConfigurationList = 7AC6CF152717C5B800B4000B /* Build configuration list for PBXNativeTarget "6S (iOS)" */;
			buildPhases = (
				7AC6CEE82717C5B700B4000B /* Sources */,
				7AC6CEE92717C5B700B4000B /* Frameworks */,
				7AC6CEEA2717C5B700B4000B /* Resources */,
			);
			buildRules = (
			);
			dependencies = (
			);
			name = "6S (iOS)";
			productName = "6S (iOS)";
			productReference = 7AC6CEEC2717C5B700B4000B /* 6S.app */;
			productType = "com.apple.product-type.application";
		};
		7AC6CEF12717C5B700B4000B /* 6S (macOS) */ = {
			isa = PBXNativeTarget;
			buildConfigurationList = 7AC6CF182717C5B800B4000B /* Build configuration list for PBXNativeTarget "6S (macOS)" */;
			buildPhases = (
				7AC6CEEE2717C5B700B4000B /* Sources */,
				7AC6CEEF2717C5B700B4000B /* Frameworks */,
				7AC6CEF02717C5B700B4000B /* Resources */,
			);
			buildRules = (
			);
			dependencies = (
			);
			name = "6S (macOS)";
			productName = "6S (macOS)";
			productReference = 7AC6CEF22717C5B700B4000B /* 6S.app */;
			productType = "com.apple.product-type.application";
		};
		7AC6CEF82717C5B700B4000B /* Tests iOS */ = {
			isa = PBXNativeTarget;
			buildConfigurationList = 7AC6CF1B2717C5B800B4000B /* Build configuration list for PBXNativeTarget "Tests iOS" */;
			buildPhases = (
				7AC6CEF52717C5B700B4000B /* Sources */,
				7AC6CEF62717C5B700B4000B /* Frameworks */,
				7AC6CEF72717C5B700B4000B /* Resources */,
			);
			buildRules = (
			);
			dependencies = (
				7AC6CEFB2717C5B700B4000B /* PBXTargetDependency */,
			);
			name = "Tests iOS";
			productName = "Tests iOS";
			productReference = 7AC6CEF92717C5B700B4000B /* Tests iOS.xctest */;
			productType = "com.apple.product-type.bundle.ui-testing";
		};
		7AC6CF042717C5B700B4000B /* Tests macOS */ = {
			isa = PBXNativeTarget;
			buildConfigurationList = 7AC6CF1E2717C5B800B4000B /* Build configuration list for PBXNativeTarget "Tests macOS" */;
			buildPhases = (
				7AC6CF012717C5B700B4000B /* Sources */,
				7AC6CF022717C5B700B4000B /* Frameworks */,
				7AC6CF032717C5B700B4000B /* Resources */,
			);
			buildRules = (
			);
			dependencies = (
				7AC6CF072717C5B700B4000B /* PBXTargetDependency */,
			);
			name = "Tests macOS";
			productName = "Tests macOS";
			productReference = 7AC6CF052717C5B700B4000B /* Tests macOS.xctest */;
			productType = "com.apple.product-type.bundle.ui-testing";
		};
		7AC6CF552717D93200B4000B /* 6S (tvOS) */ = {
			isa = PBXNativeTarget;
			buildConfigurationList = 7AC6CF772717D93300B4000B /* Build configuration list for PBXNativeTarget "6S (tvOS)" */;
			buildPhases = (
				7AC6CF522717D93200B4000B /* Sources */,
				7AC6CF532717D93200B4000B /* Frameworks */,
				7AC6CF542717D93200B4000B /* Resources */,
			);
			buildRules = (
			);
			dependencies = (
			);
			name = "6S (tvOS)";
			productName = 6S;
			productReference = 7AC6CF562717D93200B4000B /* 6S (tvOS).app */;
			productType = "com.apple.product-type.application";
		};
		7AC6CF642717D93300B4000B /* 6STests tvOS */ = {
			isa = PBXNativeTarget;
			buildConfigurationList = 7AC6CF7A2717D93300B4000B /* Build configuration list for PBXNativeTarget "6STests tvOS" */;
			buildPhases = (
				7AC6CF612717D93300B4000B /* Sources */,
				7AC6CF622717D93300B4000B /* Frameworks */,
				7AC6CF632717D93300B4000B /* Resources */,
			);
			buildRules = (
			);
			dependencies = (
				7AC6CF672717D93300B4000B /* PBXTargetDependency */,
			);
			name = "6STests tvOS";
			productName = 6STests;
			productReference = 7AC6CF652717D93300B4000B /* 6STests tvOS.xctest */;
			productType = "com.apple.product-type.bundle.unit-test";
		};
/* End PBXNativeTarget section */

/* Begin PBXProject section */
		7AC6CEE02717C5B500B4000B /* Project object */ = {
			isa = PBXProject;
			attributes = {
				BuildIndependentTargetsInParallel = 1;
				LastSwiftUpdateCheck = 1300;
				LastUpgradeCheck = 1300;
				TargetAttributes = {
					7AC6CEEB2717C5B700B4000B = {
						CreatedOnToolsVersion = 13.0;
					};
					7AC6CEF12717C5B700B4000B = {
						CreatedOnToolsVersion = 13.0;
					};
					7AC6CEF82717C5B700B4000B = {
						CreatedOnToolsVersion = 13.0;
						TestTargetID = 7AC6CEEB2717C5B700B4000B;
					};
					7AC6CF042717C5B700B4000B = {
						CreatedOnToolsVersion = 13.0;
						TestTargetID = 7AC6CEF12717C5B700B4000B;
					};
					7AC6CF552717D93200B4000B = {
						CreatedOnToolsVersion = 13.0;
					};
					7AC6CF642717D93300B4000B = {
						CreatedOnToolsVersion = 13.0;
						TestTargetID = 7AC6CF552717D93200B4000B;
					};
				};
			};
			buildConfigurationList = 7AC6CEE32717C5B500B4000B /* Build configuration list for PBXProject "6S" */;
			compatibilityVersion = "Xcode 13.0";
			developmentRegion = en;
			hasScannedForEncodings = 0;
			knownRegions = (
				en,
				Base,
			);
			mainGroup = 7AC6CEDF2717C5B500B4000B;
			productRefGroup = 7AC6CEED2717C5B700B4000B /* Products */;
			projectDirPath = "";
			projectRoot = "";
			targets = (
				7AC6CEEB2717C5B700B4000B /* 6S (iOS) */,
				7AC6CEF12717C5B700B4000B /* 6S (macOS) */,
				7AC6CEF82717C5B700B4000B /* Tests iOS */,
				7AC6CF042717C5B700B4000B /* Tests macOS */,
				7AC6CF552717D93200B4000B /* 6S (tvOS) */,
				7AC6CF642717D93300B4000B /* 6STests tvOS */,
			);
		};
/* End PBXProject section */

/* Begin PBXResourcesBuildPhase section */
		7AC6CEEA2717C5B700B4000B /* Resources */ = {
			isa = PBXResourcesBuildPhase;
			buildActionMask = 2147483647;
			files = (
				7AC6CF112717C5B800B4000B /* Assets.xcassets in Resources */,
			);
			runOnlyForDeploymentPostprocessing = 0;
		};
		7AC6CEF02717C5B700B4000B /* Resources */ = {
			isa = PBXResourcesBuildPhase;
			buildActionMask = 2147483647;
			files = (
				7AC6CF122717C5B800B4000B /* Assets.xcassets in Resources */,
			);
			runOnlyForDeploymentPostprocessing = 0;
		};
		7AC6CEF72717C5B700B4000B /* Resources */ = {
			isa = PBXResourcesBuildPhase;
			buildActionMask = 2147483647;
			files = (
			);
			runOnlyForDeploymentPostprocessing = 0;
		};
		7AC6CF032717C5B700B4000B /* Resources */ = {
			isa = PBXResourcesBuildPhase;
			buildActionMask = 2147483647;
			files = (
			);
			runOnlyForDeploymentPostprocessing = 0;
		};
		7AC6CF542717D93200B4000B /* Resources */ = {
			isa = PBXResourcesBuildPhase;
			buildActionMask = 2147483647;
			files = (
				7AC6CF602717D93300B4000B /* Preview Assets.xcassets in Resources */,
				7AC6CF5D2717D93300B4000B /* Assets.xcassets in Resources */,
			);
			runOnlyForDeploymentPostprocessing = 0;
		};
		7AC6CF632717D93300B4000B /* Resources */ = {
			isa = PBXResourcesBuildPhase;
			buildActionMask = 2147483647;
			files = (
			);
			runOnlyForDeploymentPostprocessing = 0;
		};
/* End PBXResourcesBuildPhase section */

/* Begin PBXSourcesBuildPhase section */
		7AC6CEE82717C5B700B4000B /* Sources */ = {
			isa = PBXSourcesBuildPhase;
			buildActionMask = 2147483647;
			files = (
				7AC6CF0F2717C5B800B4000B /* ContentView.swift in Sources */,
				7AC6CF0D2717C5B800B4000B /* _SApp.swift in Sources */,
			);
			runOnlyForDeploymentPostprocessing = 0;
		};
		7AC6CEEE2717C5B700B4000B /* Sources */ = {
			isa = PBXSourcesBuildPhase;
			buildActionMask = 2147483647;
			files = (
				7AC6CF102717C5B800B4000B /* ContentView.swift in Sources */,
				7AC6CF0E2717C5B800B4000B /* _SApp.swift in Sources */,
			);
			runOnlyForDeploymentPostprocessing = 0;
		};
		7AC6CEF52717C5B700B4000B /* Sources */ = {
			isa = PBXSourcesBuildPhase;
			buildActionMask = 2147483647;
			files = (
				7AC6CF002717C5B700B4000B /* Tests_iOSLaunchTests.swift in Sources */,
				7AC6CEFE2717C5B700B4000B /* Tests_iOS.swift in Sources */,
			);
			runOnlyForDeploymentPostprocessing = 0;
		};
		7AC6CF012717C5B700B4000B /* Sources */ = {
			isa = PBXSourcesBuildPhase;
			buildActionMask = 2147483647;
			files = (
				7AC6CF0C2717C5B700B4000B /* Tests_macOSLaunchTests.swift in Sources */,
				7AC6CF0A2717C5B700B4000B /* Tests_macOS.swift in Sources */,
			);
			runOnlyForDeploymentPostprocessing = 0;
		};
		7AC6CF522717D93200B4000B /* Sources */ = {
			isa = PBXSourcesBuildPhase;
			buildActionMask = 2147483647;
			files = (
				7AC6CF802717D9A400B4000B /* ContentView.swift in Sources */,
				7AC6CF812717D9BA00B4000B /* _SApp.swift in Sources */,
			);
			runOnlyForDeploymentPostprocessing = 0;
		};
		7AC6CF612717D93300B4000B /* Sources */ = {
			isa = PBXSourcesBuildPhase;
			buildActionMask = 2147483647;
			files = (
				7AC6CF6A2717D93300B4000B /* _STests.swift in Sources */,
			);
			runOnlyForDeploymentPostprocessing = 0;
		};
/* End PBXSourcesBuildPhase section */

/* Begin PBXTargetDependency section */
		7AC6CEFB2717C5B700B4000B /* PBXTargetDependency */ = {
			isa = PBXTargetDependency;
			target = 7AC6CEEB2717C5B700B4000B /* 6S (iOS) */;
			targetProxy = 7AC6CEFA2717C5B700B4000B /* PBXContainerItemProxy */;
		};
		7AC6CF072717C5B700B4000B /* PBXTargetDependency */ = {
			isa = PBXTargetDependency;
			target = 7AC6CEF12717C5B700B4000B /* 6S (macOS) */;
			targetProxy = 7AC6CF062717C5B700B4000B /* PBXContainerItemProxy */;
		};
		7AC6CF672717D93300B4000B /* PBXTargetDependency */ = {
			isa = PBXTargetDependency;
			target = 7AC6CF552717D93200B4000B /* 6S (tvOS) */;
			targetProxy = 7AC6CF662717D93300B4000B /* PBXContainerItemProxy */;
		};
/* End PBXTargetDependency section */

/* Begin XCBuildConfiguration section */
		7AC6CF132717C5B800B4000B /* Debug */ = {
			isa = XCBuildConfiguration;
			buildSettings = {
				ALWAYS_SEARCH_USER_PATHS = NO;
				CLANG_ANALYZER_NONNULL = YES;
				CLANG_ANALYZER_NUMBER_OBJECT_CONVERSION = YES_AGGRESSIVE;
				CLANG_CXX_LANGUAGE_STANDARD = "gnu++17";
				CLANG_CXX_LIBRARY = "libc++";
				CLANG_ENABLE_MODULES = YES;
				CLANG_ENABLE_OBJC_ARC = YES;
				CLANG_ENABLE_OBJC_WEAK = YES;
				CLANG_WARN_BLOCK_CAPTURE_AUTORELEASING = YES;
				CLANG_WARN_BOOL_CONVERSION = YES;
				CLANG_WARN_COMMA = YES;
				CLANG_WARN_CONSTANT_CONVERSION = YES;
				CLANG_WARN_DEPRECATED_OBJC_IMPLEMENTATIONS = YES;
				CLANG_WARN_DIRECT_OBJC_ISA_USAGE = YES_ERROR;
				CLANG_WARN_DOCUMENTATION_COMMENTS = YES;
				CLANG_WARN_EMPTY_BODY = YES;
				CLANG_WARN_ENUM_CONVERSION = YES;
				CLANG_WARN_INFINITE_RECURSION = YES;
				CLANG_WARN_INT_CONVERSION = YES;
				CLANG_WARN_NON_LITERAL_NULL_CONVERSION = YES;
				CLANG_WARN_OBJC_IMPLICIT_RETAIN_SELF = YES;
				CLANG_WARN_OBJC_LITERAL_CONVERSION = YES;
				CLANG_WARN_OBJC_ROOT_CLASS = YES_ERROR;
				CLANG_WARN_QUOTED_INCLUDE_IN_FRAMEWORK_HEADER = YES;
				CLANG_WARN_RANGE_LOOP_ANALYSIS = YES;
				CLANG_WARN_STRICT_PROTOTYPES = YES;
				CLANG_WARN_SUSPICIOUS_MOVE = YES;
				CLANG_WARN_UNGUARDED_AVAILABILITY = YES_AGGRESSIVE;
				CLANG_WARN_UNREACHABLE_CODE = YES;
				CLANG_WARN__DUPLICATE_METHOD_MATCH = YES;
				COPY_PHASE_STRIP = NO;
				DEBUG_INFORMATION_FORMAT = dwarf;
				ENABLE_STRICT_OBJC_MSGSEND = YES;
				ENABLE_TESTABILITY = YES;
				GCC_C_LANGUAGE_STANDARD = gnu11;
				GCC_DYNAMIC_NO_PIC = NO;
				GCC_NO_COMMON_BLOCKS = YES;
				GCC_OPTIMIZATION_LEVEL = 0;
				GCC_PREPROCESSOR_DEFINITIONS = (
					"DEBUG=1",
					"$(inherited)",
				);
				GCC_WARN_64_TO_32_BIT_CONVERSION = YES;
				GCC_WARN_ABOUT_RETURN_TYPE = YES_ERROR;
				GCC_WARN_UNDECLARED_SELECTOR = YES;
				GCC_WARN_UNINITIALIZED_AUTOS = YES_AGGRESSIVE;
				GCC_WARN_UNUSED_FUNCTION = YES;
				GCC_WARN_UNUSED_VARIABLE = YES;
				MTL_ENABLE_DEBUG_INFO = INCLUDE_SOURCE;
				MTL_FAST_MATH = YES;
				ONLY_ACTIVE_ARCH = YES;
				SWIFT_ACTIVE_COMPILATION_CONDITIONS = DEBUG;
				SWIFT_OPTIMIZATION_LEVEL = "-Onone";
			};
			name = Debug;
		};
		7AC6CF142717C5B800B4000B /* Release */ = {
			isa = XCBuildConfiguration;
			buildSettings = {
				ALWAYS_SEARCH_USER_PATHS = NO;
				CLANG_ANALYZER_NONNULL = YES;
				CLANG_ANALYZER_NUMBER_OBJECT_CONVERSION = YES_AGGRESSIVE;
				CLANG_CXX_LANGUAGE_STANDARD = "gnu++17";
				CLANG_CXX_LIBRARY = "libc++";
				CLANG_ENABLE_MODULES = YES;
				CLANG_ENABLE_OBJC_ARC = YES;
				CLANG_ENABLE_OBJC_WEAK = YES;
				CLANG_WARN_BLOCK_CAPTURE_AUTORELEASING = YES;
				CLANG_WARN_BOOL_CONVERSION = YES;
				CLANG_WARN_COMMA = YES;
				CLANG_WARN_CONSTANT_CONVERSION = YES;
				CLANG_WARN_DEPRECATED_OBJC_IMPLEMENTATIONS = YES;
				CLANG_WARN_DIRECT_OBJC_ISA_USAGE = YES_ERROR;
				CLANG_WARN_DOCUMENTATION_COMMENTS = YES;
				CLANG_WARN_EMPTY_BODY = YES;
				CLANG_WARN_ENUM_CONVERSION = YES;
				CLANG_WARN_INFINITE_RECURSION = YES;
				CLANG_WARN_INT_CONVERSION = YES;
				CLANG_WARN_NON_LITERAL_NULL_CONVERSION = YES;
				CLANG_WARN_OBJC_IMPLICIT_RETAIN_SELF = YES;
				CLANG_WARN_OBJC_LITERAL_CONVERSION = YES;
				CLANG_WARN_OBJC_ROOT_CLASS = YES_ERROR;
				CLANG_WARN_QUOTED_INCLUDE_IN_FRAMEWORK_HEADER = YES;
				CLANG_WARN_RANGE_LOOP_ANALYSIS = YES;
				CLANG_WARN_STRICT_PROTOTYPES = YES;
				CLANG_WARN_SUSPICIOUS_MOVE = YES;
				CLANG_WARN_UNGUARDED_AVAILABILITY = YES_AGGRESSIVE;
				CLANG_WARN_UNREACHABLE_CODE = YES;
				CLANG_WARN__DUPLICATE_METHOD_MATCH = YES;
				COPY_PHASE_STRIP = NO;
				DEBUG_INFORMATION_FORMAT = "dwarf-with-dsym";
				ENABLE_NS_ASSERTIONS = NO;
				ENABLE_STRICT_OBJC_MSGSEND = YES;
				GCC_C_LANGUAGE_STANDARD = gnu11;
				GCC_NO_COMMON_BLOCKS = YES;
				GCC_WARN_64_TO_32_BIT_CONVERSION = YES;
				GCC_WARN_ABOUT_RETURN_TYPE = YES_ERROR;
				GCC_WARN_UNDECLARED_SELECTOR = YES;
				GCC_WARN_UNINITIALIZED_AUTOS = YES_AGGRESSIVE;
				GCC_WARN_UNUSED_FUNCTION = YES;
				GCC_WARN_UNUSED_VARIABLE = YES;
				MTL_ENABLE_DEBUG_INFO = NO;
				MTL_FAST_MATH = YES;
				SWIFT_COMPILATION_MODE = wholemodule;
				SWIFT_OPTIMIZATION_LEVEL = "-O";
			};
			name = Release;
		};
		7AC6CF162717C5B800B4000B /* Debug */ = {
			isa = XCBuildConfiguration;
			buildSettings = {
				ASSETCATALOG_COMPILER_APPICON_NAME = AppIcon;
				ASSETCATALOG_COMPILER_GLOBAL_ACCENT_COLOR_NAME = AccentColor;
				CODE_SIGN_STYLE = Automatic;
				CURRENT_PROJECT_VERSION = 1;
				ENABLE_PREVIEWS = YES;
				GENERATE_INFOPLIST_FILE = YES;
				INFOPLIST_KEY_UIApplicationSceneManifest_Generation = YES;
				INFOPLIST_KEY_UIApplicationSupportsIndirectInputEvents = YES;
				INFOPLIST_KEY_UILaunchScreen_Generation = YES;
				INFOPLIST_KEY_UISupportedInterfaceOrientations_iPad = "UIInterfaceOrientationPortrait UIInterfaceOrientationPortraitUpsideDown UIInterfaceOrientationLandscapeLeft UIInterfaceOrientationLandscapeRight";
				INFOPLIST_KEY_UISupportedInterfaceOrientations_iPhone = "UIInterfaceOrientationPortrait UIInterfaceOrientationLandscapeLeft UIInterfaceOrientationLandscapeRight";
				IPHONEOS_DEPLOYMENT_TARGET = 14.0;
				LD_RUNPATH_SEARCH_PATHS = (
					"$(inherited)",
					"@executable_path/Frameworks",
				);
				MARKETING_VERSION = 1.0;
				PRODUCT_BUNDLE_IDENTIFIER = "com.ace.6s.-S";
				PRODUCT_NAME = 6S;
				SDKROOT = iphoneos;
				SWIFT_EMIT_LOC_STRINGS = YES;
				SWIFT_VERSION = 5.0;
				TARGETED_DEVICE_FAMILY = "1,2";
			};
			name = Debug;
		};
		7AC6CF172717C5B800B4000B /* Release */ = {
			isa = XCBuildConfiguration;
			buildSettings = {
				ASSETCATALOG_COMPILER_APPICON_NAME = AppIcon;
				ASSETCATALOG_COMPILER_GLOBAL_ACCENT_COLOR_NAME = AccentColor;
				CODE_SIGN_STYLE = Automatic;
				CURRENT_PROJECT_VERSION = 1;
				ENABLE_PREVIEWS = YES;
				GENERATE_INFOPLIST_FILE = YES;
				INFOPLIST_KEY_UIApplicationSceneManifest_Generation = YES;
				INFOPLIST_KEY_UIApplicationSupportsIndirectInputEvents = YES;
				INFOPLIST_KEY_UILaunchScreen_Generation = YES;
				INFOPLIST_KEY_UISupportedInterfaceOrientations_iPad = "UIInterfaceOrientationPortrait UIInterfaceOrientationPortraitUpsideDown UIInterfaceOrientationLandscapeLeft UIInterfaceOrientationLandscapeRight";
				INFOPLIST_KEY_UISupportedInterfaceOrientations_iPhone = "UIInterfaceOrientationPortrait UIInterfaceOrientationLandscapeLeft UIInterfaceOrientationLandscapeRight";
				IPHONEOS_DEPLOYMENT_TARGET = 14.0;
				LD_RUNPATH_SEARCH_PATHS = (
					"$(inherited)",
					"@executable_path/Frameworks",
				);
				MARKETING_VERSION = 1.0;
				PRODUCT_BUNDLE_IDENTIFIER = "com.ace.6s.-S";
				PRODUCT_NAME = 6S;
				SDKROOT = iphoneos;
				SWIFT_EMIT_LOC_STRINGS = YES;
				SWIFT_VERSION = 5.0;
				TARGETED_DEVICE_FAMILY = "1,2";
				VALIDATE_PRODUCT = YES;
			};
			name = Release;
		};
		7AC6CF192717C5B800B4000B /* Debug */ = {
			isa = XCBuildConfiguration;
			buildSettings = {
				ASSETCATALOG_COMPILER_APPICON_NAME = AppIcon;
				ASSETCATALOG_COMPILER_GLOBAL_ACCENT_COLOR_NAME = AccentColor;
				CODE_SIGN_ENTITLEMENTS = macOS/macOS.entitlements;
				CODE_SIGN_STYLE = Automatic;
				COMBINE_HIDPI_IMAGES = YES;
				CURRENT_PROJECT_VERSION = 1;
				ENABLE_PREVIEWS = YES;
				GENERATE_INFOPLIST_FILE = YES;
				INFOPLIST_KEY_NSHumanReadableCopyright = "";
				LD_RUNPATH_SEARCH_PATHS = (
					"$(inherited)",
					"@executable_path/../Frameworks",
				);
				MACOSX_DEPLOYMENT_TARGET = 11.0;
				MARKETING_VERSION = 1.0;
				PRODUCT_BUNDLE_IDENTIFIER = "com.ace.6s.-S";
				PRODUCT_NAME = 6S;
				SDKROOT = macosx;
				SWIFT_EMIT_LOC_STRINGS = YES;
				SWIFT_VERSION = 5.0;
			};
			name = Debug;
		};
		7AC6CF1A2717C5B800B4000B /* Release */ = {
			isa = XCBuildConfiguration;
			buildSettings = {
				ASSETCATALOG_COMPILER_APPICON_NAME = AppIcon;
				ASSETCATALOG_COMPILER_GLOBAL_ACCENT_COLOR_NAME = AccentColor;
				CODE_SIGN_ENTITLEMENTS = macOS/macOS.entitlements;
				CODE_SIGN_STYLE = Automatic;
				COMBINE_HIDPI_IMAGES = YES;
				CURRENT_PROJECT_VERSION = 1;
				ENABLE_PREVIEWS = YES;
				GENERATE_INFOPLIST_FILE = YES;
				INFOPLIST_KEY_NSHumanReadableCopyright = "";
				LD_RUNPATH_SEARCH_PATHS = (
					"$(inherited)",
					"@executable_path/../Frameworks",
				);
				MACOSX_DEPLOYMENT_TARGET = 11.0;
				MARKETING_VERSION = 1.0;
				PRODUCT_BUNDLE_IDENTIFIER = "com.ace.6s.-S";
				PRODUCT_NAME = 6S;
				SDKROOT = macosx;
				SWIFT_EMIT_LOC_STRINGS = YES;
				SWIFT_VERSION = 5.0;
			};
			name = Release;
		};
		7AC6CF1C2717C5B800B4000B /* Debug */ = {
			isa = XCBuildConfiguration;
			buildSettings = {
				ALWAYS_EMBED_SWIFT_STANDARD_LIBRARIES = YES;
				CODE_SIGN_STYLE = Automatic;
				CURRENT_PROJECT_VERSION = 1;
				GENERATE_INFOPLIST_FILE = YES;
				IPHONEOS_DEPLOYMENT_TARGET = 15.0;
				LD_RUNPATH_SEARCH_PATHS = (
					"$(inherited)",
					"@executable_path/Frameworks",
					"@loader_path/Frameworks",
				);
				MARKETING_VERSION = 1.0;
				PRODUCT_BUNDLE_IDENTIFIER = "com.ace.6s.Tests-iOS";
				PRODUCT_NAME = "$(TARGET_NAME)";
				SDKROOT = iphoneos;
				SWIFT_EMIT_LOC_STRINGS = NO;
				SWIFT_VERSION = 5.0;
				TARGETED_DEVICE_FAMILY = "1,2";
				TEST_TARGET_NAME = "6S (iOS)";
			};
			name = Debug;
		};
		7AC6CF1D2717C5B800B4000B /* Release */ = {
			isa = XCBuildConfiguration;
			buildSettings = {
				ALWAYS_EMBED_SWIFT_STANDARD_LIBRARIES = YES;
				CODE_SIGN_STYLE = Automatic;
				CURRENT_PROJECT_VERSION = 1;
				GENERATE_INFOPLIST_FILE = YES;
				IPHONEOS_DEPLOYMENT_TARGET = 15.0;
				LD_RUNPATH_SEARCH_PATHS = (
					"$(inherited)",
					"@executable_path/Frameworks",
					"@loader_path/Frameworks",
				);
				MARKETING_VERSION = 1.0;
				PRODUCT_BUNDLE_IDENTIFIER = "com.ace.6s.Tests-iOS";
				PRODUCT_NAME = "$(TARGET_NAME)";
				SDKROOT = iphoneos;
				SWIFT_EMIT_LOC_STRINGS = NO;
				SWIFT_VERSION = 5.0;
				TARGETED_DEVICE_FAMILY = "1,2";
				TEST_TARGET_NAME = "6S (iOS)";
				VALIDATE_PRODUCT = YES;
			};
			name = Release;
		};
		7AC6CF1F2717C5B800B4000B /* Debug */ = {
			isa = XCBuildConfiguration;
			buildSettings = {
				ALWAYS_EMBED_SWIFT_STANDARD_LIBRARIES = YES;
				CODE_SIGN_STYLE = Automatic;
				COMBINE_HIDPI_IMAGES = YES;
				CURRENT_PROJECT_VERSION = 1;
				GENERATE_INFOPLIST_FILE = YES;
				LD_RUNPATH_SEARCH_PATHS = (
					"$(inherited)",
					"@executable_path/../Frameworks",
					"@loader_path/../Frameworks",
				);
				MACOSX_DEPLOYMENT_TARGET = 11.3;
				MARKETING_VERSION = 1.0;
				PRODUCT_BUNDLE_IDENTIFIER = "com.ace.6s.Tests-macOS";
				PRODUCT_NAME = "$(TARGET_NAME)";
				SDKROOT = macosx;
				SWIFT_EMIT_LOC_STRINGS = NO;
				SWIFT_VERSION = 5.0;
				TEST_TARGET_NAME = "6S (macOS)";
			};
			name = Debug;
		};
		7AC6CF202717C5B800B4000B /* Release */ = {
			isa = XCBuildConfiguration;
			buildSettings = {
				ALWAYS_EMBED_SWIFT_STANDARD_LIBRARIES = YES;
				CODE_SIGN_STYLE = Automatic;
				COMBINE_HIDPI_IMAGES = YES;
				CURRENT_PROJECT_VERSION = 1;
				GENERATE_INFOPLIST_FILE = YES;
				LD_RUNPATH_SEARCH_PATHS = (
					"$(inherited)",
					"@executable_path/../Frameworks",
					"@loader_path/../Frameworks",
				);
				MACOSX_DEPLOYMENT_TARGET = 11.3;
				MARKETING_VERSION = 1.0;
				PRODUCT_BUNDLE_IDENTIFIER = "com.ace.6s.Tests-macOS";
				PRODUCT_NAME = "$(TARGET_NAME)";
				SDKROOT = macosx;
				SWIFT_EMIT_LOC_STRINGS = NO;
				SWIFT_VERSION = 5.0;
				TEST_TARGET_NAME = "6S (macOS)";
			};
			name = Release;
		};
		7AC6CF782717D93300B4000B /* Debug */ = {
			isa = XCBuildConfiguration;
			buildSettings = {
				ASSETCATALOG_COMPILER_APPICON_NAME = "App Icon & Top Shelf Image";
				ASSETCATALOG_COMPILER_GLOBAL_ACCENT_COLOR_NAME = AccentColor;
				CODE_SIGN_STYLE = Automatic;
				CURRENT_PROJECT_VERSION = 1;
				DEVELOPMENT_TEAM = "";
				ENABLE_PREVIEWS = YES;
				GENERATE_INFOPLIST_FILE = YES;
				INFOPLIST_KEY_UILaunchScreen_Generation = YES;
				INFOPLIST_KEY_UIUserInterfaceStyle = Automatic;
				LD_RUNPATH_SEARCH_PATHS = (
					"$(inherited)",
					"@executable_path/Frameworks",
				);
				MARKETING_VERSION = 1.0;
				PRODUCT_BUNDLE_IDENTIFIER = "com.ace.6s.-S";
				PRODUCT_NAME = "$(TARGET_NAME)";
				SDKROOT = appletvos;
				SWIFT_EMIT_LOC_STRINGS = YES;
				SWIFT_VERSION = 5.0;
				TARGETED_DEVICE_FAMILY = 3;
				TVOS_DEPLOYMENT_TARGET = 15.0;
			};
			name = Debug;
		};
		7AC6CF792717D93300B4000B /* Release */ = {
			isa = XCBuildConfiguration;
			buildSettings = {
				ASSETCATALOG_COMPILER_APPICON_NAME = "App Icon & Top Shelf Image";
				ASSETCATALOG_COMPILER_GLOBAL_ACCENT_COLOR_NAME = AccentColor;
				CODE_SIGN_STYLE = Automatic;
				CURRENT_PROJECT_VERSION = 1;
				DEVELOPMENT_TEAM = "";
				ENABLE_PREVIEWS = YES;
				GENERATE_INFOPLIST_FILE = YES;
				INFOPLIST_KEY_UILaunchScreen_Generation = YES;
				INFOPLIST_KEY_UIUserInterfaceStyle = Automatic;
				LD_RUNPATH_SEARCH_PATHS = (
					"$(inherited)",
					"@executable_path/Frameworks",
				);
				MARKETING_VERSION = 1.0;
				PRODUCT_BUNDLE_IDENTIFIER = "com.ace.6s.-S";
				PRODUCT_NAME = "$(TARGET_NAME)";
				SDKROOT = appletvos;
				SWIFT_EMIT_LOC_STRINGS = YES;
				SWIFT_VERSION = 5.0;
				TARGETED_DEVICE_FAMILY = 3;
				TVOS_DEPLOYMENT_TARGET = 15.0;
				VALIDATE_PRODUCT = YES;
			};
			name = Release;
		};
		7AC6CF7B2717D93300B4000B /* Debug */ = {
			isa = XCBuildConfiguration;
			buildSettings = {
				ALWAYS_EMBED_SWIFT_STANDARD_LIBRARIES = YES;
				BUNDLE_LOADER = "$(TEST_HOST)";
				CODE_SIGN_STYLE = Automatic;
				CURRENT_PROJECT_VERSION = 1;
				GENERATE_INFOPLIST_FILE = YES;
				LD_RUNPATH_SEARCH_PATHS = (
					"$(inherited)",
					"@executable_path/Frameworks",
					"@loader_path/Frameworks",
				);
				MARKETING_VERSION = 1.0;
				PRODUCT_BUNDLE_IDENTIFIER = "com.ace.6s.-STests";
				PRODUCT_NAME = "$(TARGET_NAME)";
				SDKROOT = appletvos;
				SWIFT_EMIT_LOC_STRINGS = NO;
				SWIFT_VERSION = 5.0;
				TARGETED_DEVICE_FAMILY = 3;
				TEST_HOST = "$(BUILT_PRODUCTS_DIR)/6S.app/6S";
				TVOS_DEPLOYMENT_TARGET = 15.0;
			};
			name = Debug;
		};
		7AC6CF7C2717D93300B4000B /* Release */ = {
			isa = XCBuildConfiguration;
			buildSettings = {
				ALWAYS_EMBED_SWIFT_STANDARD_LIBRARIES = YES;
				BUNDLE_LOADER = "$(TEST_HOST)";
				CODE_SIGN_STYLE = Automatic;
				CURRENT_PROJECT_VERSION = 1;
				GENERATE_INFOPLIST_FILE = YES;
				LD_RUNPATH_SEARCH_PATHS = (
					"$(inherited)",
					"@executable_path/Frameworks",
					"@loader_path/Frameworks",
				);
				MARKETING_VERSION = 1.0;
				PRODUCT_BUNDLE_IDENTIFIER = "com.ace.6s.-STests";
				PRODUCT_NAME = "$(TARGET_NAME)";
				SDKROOT = appletvos;
				SWIFT_EMIT_LOC_STRINGS = NO;
				SWIFT_VERSION = 5.0;
				TARGETED_DEVICE_FAMILY = 3;
				TEST_HOST = "$(BUILT_PRODUCTS_DIR)/6S.app/6S";
				TVOS_DEPLOYMENT_TARGET = 15.0;
				VALIDATE_PRODUCT = YES;
			};
			name = Release;
		};
/* End XCBuildConfiguration section */

/* Begin XCConfigurationList section */
		7AC6CEE32717C5B500B4000B /* Build configuration list for PBXProject "6S" */ = {
			isa = XCConfigurationList;
			buildConfigurations = (
				7AC6CF132717C5B800B4000B /* Debug */,
				7AC6CF142717C5B800B4000B /* Release */,
			);
			defaultConfigurationIsVisible = 0;
			defaultConfigurationName = Release;
		};
		7AC6CF152717C5B800B4000B /* Build configuration list for PBXNativeTarget "6S (iOS)" */ = {
			isa = XCConfigurationList;
			buildConfigurations = (
				7AC6CF162717C5B800B4000B /* Debug */,
				7AC6CF172717C5B800B4000B /* Release */,
			);
			defaultConfigurationIsVisible = 0;
			defaultConfigurationName = Release;
		};
		7AC6CF182717C5B800B4000B /* Build configuration list for PBXNativeTarget "6S (macOS)" */ = {
			isa = XCConfigurationList;
			buildConfigurations = (
				7AC6CF192717C5B800B4000B /* Debug */,
				7AC6CF1A2717C5B800B4000B /* Release */,
			);
			defaultConfigurationIsVisible = 0;
			defaultConfigurationName = Release;
		};
		7AC6CF1B2717C5B800B4000B /* Build configuration list for PBXNativeTarget "Tests iOS" */ = {
			isa = XCConfigurationList;
			buildConfigurations = (
				7AC6CF1C2717C5B800B4000B /* Debug */,
				7AC6CF1D2717C5B800B4000B /* Release */,
			);
			defaultConfigurationIsVisible = 0;
			defaultConfigurationName = Release;
		};
		7AC6CF1E2717C5B800B4000B /* Build configuration list for PBXNativeTarget "Tests macOS" */ = {
			isa = XCConfigurationList;
			buildConfigurations = (
				7AC6CF1F2717C5B800B4000B /* Debug */,
				7AC6CF202717C5B800B4000B /* Release */,
			);
			defaultConfigurationIsVisible = 0;
			defaultConfigurationName = Release;
		};
		7AC6CF772717D93300B4000B /* Build configuration list for PBXNativeTarget "6S (tvOS)" */ = {
			isa = XCConfigurationList;
			buildConfigurations = (
				7AC6CF782717D93300B4000B /* Debug */,
				7AC6CF792717D93300B4000B /* Release */,
			);
			defaultConfigurationIsVisible = 0;
			defaultConfigurationName = Release;
		};
		7AC6CF7A2717D93300B4000B /* Build configuration list for PBXNativeTarget "6STests tvOS" */ = {
			isa = XCConfigurationList;
			buildConfigurations = (
				7AC6CF7B2717D93300B4000B /* Debug */,
				7AC6CF7C2717D93300B4000B /* Release */,
			);
			defaultConfigurationIsVisible = 0;
			defaultConfigurationName = Release;
		};
/* End XCConfigurationList section */
	};
	rootObject = 7AC6CEE02717C5B500B4000B /* Project object */;
}
